# This file is automatically @generated by Cargo.
# It is not intended for manual editing.
version = 4

[[package]]
name = "aho-corasick"
version = "1.1.3"
source = "registry+https://github.com/rust-lang/crates.io-index"
checksum = "8e60d3430d3a69478ad0993f19238d2df97c507009a52b3c10addcd7f6bcb916"
dependencies = [
 "memchr",
]

[[package]]
name = "autocfg"
version = "1.4.0"
source = "registry+https://github.com/rust-lang/crates.io-index"
checksum = "ace50bade8e6234aa140d9a2f552bbee1db4d353f69b8217bc503490fc1a9f26"

[[package]]
name = "bigdecimal"
version = "0.4.8"
source = "registry+https://github.com/rust-lang/crates.io-index"
checksum = "1a22f228ab7a1b23027ccc6c350b72868017af7ea8356fbdf19f8d991c690013"
dependencies = [
 "autocfg",
 "libm",
 "num-bigint",
 "num-integer",
 "num-traits",
]

[[package]]
name = "cpc"
version = "1.9.3"
dependencies = [
 "bigdecimal",
 "f256",
 "malachite",
 "regex",
 "unicode-segmentation",
]

[[package]]
name = "either"
version = "1.15.0"
source = "registry+https://github.com/rust-lang/crates.io-index"
checksum = "48c757948c5ede0e46177b7add2e67155f70e33c07fea8284df6576da70b3719"

[[package]]
name = "f256"
version = "0.7.0"
source = "registry+https://github.com/rust-lang/crates.io-index"
checksum = "baa17c443b7b3ef45a1b2fe97d904a9ee2e7969ac8b6b36c1a3d25459c9fd1bf"
dependencies = [
 "f256_pow10_div_pow2_lut",
 "f256_pow2_div_pow10_lut",
 "f256_pow2_div_pow5_lut",
 "f256_pow5_div_pow2_lut",
]

[[package]]
name = "f256_pow10_div_pow2_lut"
version = "0.1.1"
source = "registry+https://github.com/rust-lang/crates.io-index"
checksum = "f6ca8d1ce1a433ed0939ca1e054b561002cbcb9740d1d36c18d89009eb003002"

[[package]]
name = "f256_pow2_div_pow10_lut"
version = "0.2.0"
source = "registry+https://github.com/rust-lang/crates.io-index"
checksum = "6580e1604d17d3723f9ea45d9d3b230b6d716bad991ec7cceda1ad760fa202b4"

[[package]]
name = "f256_pow2_div_pow5_lut"
version = "0.1.1"
source = "registry+https://github.com/rust-lang/crates.io-index"
checksum = "76b7418cb2e2a5be0dfb64027d7f009f9660ed6875ee049bc5ff30be006fcf6e"

[[package]]
name = "f256_pow5_div_pow2_lut"
version = "0.1.1"
source = "registry+https://github.com/rust-lang/crates.io-index"
checksum = "250ea0f9a0eb0e71b9040133a84777ddfd97a3c57689c249acb5917e1d869cb8"

[[package]]
name = "foldhash"
version = "0.1.5"
source = "registry+https://github.com/rust-lang/crates.io-index"
checksum = "d9c4f5dac5e15c24eb999c26181a6ca40b39fe946cbe4c263c7209467bc83af2"

[[package]]
name = "hashbrown"
version = "0.15.3"
source = "registry+https://github.com/rust-lang/crates.io-index"
checksum = "84b26c544d002229e640969970a2e74021aadf6e2f96372b9c58eff97de08eb3"
dependencies = [
 "foldhash",
]

[[package]]
name = "itertools"
version = "0.14.0"
source = "registry+https://github.com/rust-lang/crates.io-index"
checksum = "2b192c782037fadd9cfa75548310488aabdbf3d2da73885b31bd0abd03351285"
dependencies = [
 "either",
]

[[package]]
name = "libm"
version = "0.2.15"
source = "registry+https://github.com/rust-lang/crates.io-index"
checksum = "f9fbbcab51052fe104eb5e5d351cf728d30a5be1fe14d9be8a3b097481fb97de"

[[package]]
name = "malachite"
version = "0.6.0"
source = "registry+https://github.com/rust-lang/crates.io-index"
checksum = "8162cb5416e442f0e6f952308d509b7a39c545431fbfdea89e1d51857aad2381"
dependencies = [
 "malachite-base",
 "malachite-nz",
 "malachite-q",
]

[[package]]
name = "malachite-base"
version = "0.6.0"
source = "registry+https://github.com/rust-lang/crates.io-index"
checksum = "554bcf7f816ff3c1eae8f2b95c4375156884c79988596a6d01b7b070710fa9e5"
dependencies = [
 "hashbrown",
 "itertools",
 "libm",
 "ryu",
]

[[package]]
name = "malachite-nz"
version = "0.6.0"
source = "registry+https://github.com/rust-lang/crates.io-index"
checksum = "f43d406336c42a59e07813b57efd651db00118af84c640a221d666964b2ec71f"
dependencies = [
 "itertools",
 "libm",
 "malachite-base",
]

[[package]]
name = "malachite-q"
version = "0.6.0"
source = "registry+https://github.com/rust-lang/crates.io-index"
checksum = "25911a58ea0426e0b7bb1dffc8324e82711c82abff868b8523ae69d8a47e8062"
dependencies = [
 "itertools",
 "malachite-base",
 "malachite-nz",
]

[[package]]
name = "memchr"
version = "2.7.4"
source = "registry+https://github.com/rust-lang/crates.io-index"
checksum = "78ca9ab1a0babb1e7d5695e3530886289c18cf2f87ec19a575a0abdce112e3a3"

[[package]]
name = "num-bigint"
version = "0.4.6"
source = "registry+https://github.com/rust-lang/crates.io-index"
checksum = "a5e44f723f1133c9deac646763579fdb3ac745e418f2a7af9cd0c431da1f20b9"
dependencies = [
 "num-integer",
 "num-traits",
]

[[package]]
name = "num-integer"
version = "0.1.46"
source = "registry+https://github.com/rust-lang/crates.io-index"
checksum = "7969661fd2958a5cb096e56c8e1ad0444ac2bbcd0061bd28660485a44879858f"
dependencies = [
 "num-traits",
]

[[package]]
name = "num-traits"
version = "0.2.19"
source = "registry+https://github.com/rust-lang/crates.io-index"
checksum = "071dfc062690e90b734c0b2273ce72ad0ffa95f0c74596bc250dcfd960262841"
dependencies = [
 "autocfg",
]

[[package]]
name = "regex"
version = "1.11.1"
source = "registry+https://github.com/rust-lang/crates.io-index"
checksum = "b544ef1b4eac5dc2db33ea63606ae9ffcfac26c1416a2806ae0bf5f56b201191"
dependencies = [
 "aho-corasick",
 "memchr",
 "regex-automata",
 "regex-syntax",
]

[[package]]
name = "regex-automata"
version = "0.4.9"
source = "registry+https://github.com/rust-lang/crates.io-index"
checksum = "809e8dc61f6de73b46c85f4c96486310fe304c434cfa43669d7b40f711150908"
dependencies = [
 "aho-corasick",
 "memchr",
 "regex-syntax",
]

[[package]]
name = "regex-syntax"
version = "0.8.5"
source = "registry+https://github.com/rust-lang/crates.io-index"
checksum = "2b15c43186be67a4fd63bee50d0303afffcef381492ebe2c5d87f324e1b8815c"

[[package]]
name = "ryu"
version = "1.0.20"
source = "registry+https://github.com/rust-lang/crates.io-index"
checksum = "28d3b2b1366ec20994f1fd18c3c594f05c5dd4bc44d8bb0c1c632c8d6829481f"

[[package]]
name = "unicode-segmentation"
version = "1.12.0"
source = "registry+https://github.com/rust-lang/crates.io-index"
checksum = "f6ccf251212114b54433ec949fd6a7841275f9ada20dddd2f29e9ceea4501493"
